
Microsoft Visual Studio Solution File, Format Version 12.00
# Visual Studio 15
VisualStudioVersion = 15.0.28307.852
MinimumVisualStudioVersion = 10.0.40219.1
Project("{8BC9CEB8-8B4A-11D0-8D11-00A0C91BC942}") = "ConsoleApplication3", "ConsoleApplication3\ConsoleApplication3.vcxproj", "{62001AB3-5624-472E-ACFA-DDEA3812730A}"
EndProject
Global
	GlobalSection(SolutionConfigurationPlatforms) = preSolution
		Debug|x64 = Debug|x64
		Debug|x86 = Debug|x86
		Release|x64 = Release|x64
		Release|x86 = Release|x86
	EndGlobalSection
	GlobalSection(ProjectConfigurationPlatforms) = postSolution
		{62001AB3-5624-472E-ACFA-DDEA3812730A}.Debug|x64.ActiveCfg = Debug|x64
		{62001AB3-5624-472E-ACFA-DDEA3812730A}.Debug|x64.Build.0 = Debug|x64
		{62001AB3-5624-472E-ACFA-DDEA3812730A}.Debug|x86.ActiveCfg = Debug|Win32
		{62001AB3-5624-472E-ACFA-DDEA3812730A}.Debug|x86.Build.0 = Debug|Win32
		{62001AB3-5624-472E-ACFA-DDEA3812730A}.Release|x64.ActiveCfg = Release|x64
		{62001AB3-5624-472E-ACFA-DDEA3812730A}.Release|x64.Build.0 = Release|x64
		{62001AB3-5624-472E-ACFA-DDEA3812730A}.Release|x86.ActiveCfg = Release|Win32
		{62001AB3-5624-472E-ACFA-DDEA3812730A}.Release|x86.Build.0 = Release|Win32
	EndGlobalSection
	GlobalSection(SolutionProperties) = preSolution
		HideSolutionNode = FALSE
	EndGlobalSection
	GlobalSection(ExtensibilityGlobals) = postSolution
		SolutionGuid = {6BEA0146-9EA6-4FE7-A3E8-A3438B2C9EAE}
	EndGlobalSection
EndGlobal
