
Microsoft Visual Studio Solution File, Format Version 12.00
# Visual Studio 15
VisualStudioVersion = 15.0.28307.852
MinimumVisualStudioVersion = 10.0.40219.1
Project("{8BC9CEB8-8B4A-11D0-8D11-00A0C91BC942}") = "cheque", "cheque\cheque.vcxproj", "{EFDFEFD2-2CB6-498D-8ED2-BEFE82BDB9AF}"
EndProject
Global
	GlobalSection(SolutionConfigurationPlatforms) = preSolution
		Debug|x64 = Debug|x64
		Debug|x86 = Debug|x86
		Release|x64 = Release|x64
		Release|x86 = Release|x86
	EndGlobalSection
	GlobalSection(ProjectConfigurationPlatforms) = postSolution
		{EFDFEFD2-2CB6-498D-8ED2-BEFE82BDB9AF}.Debug|x64.ActiveCfg = Debug|x64
		{EFDFEFD2-2CB6-498D-8ED2-BEFE82BDB9AF}.Debug|x64.Build.0 = Debug|x64
		{EFDFEFD2-2CB6-498D-8ED2-BEFE82BDB9AF}.Debug|x86.ActiveCfg = Debug|Win32
		{EFDFEFD2-2CB6-498D-8ED2-BEFE82BDB9AF}.Debug|x86.Build.0 = Debug|Win32
		{EFDFEFD2-2CB6-498D-8ED2-BEFE82BDB9AF}.Release|x64.ActiveCfg = Release|x64
		{EFDFEFD2-2CB6-498D-8ED2-BEFE82BDB9AF}.Release|x64.Build.0 = Release|x64
		{EFDFEFD2-2CB6-498D-8ED2-BEFE82BDB9AF}.Release|x86.ActiveCfg = Release|Win32
		{EFDFEFD2-2CB6-498D-8ED2-BEFE82BDB9AF}.Release|x86.Build.0 = Release|Win32
	EndGlobalSection
	GlobalSection(SolutionProperties) = preSolution
		HideSolutionNode = FALSE
	EndGlobalSection
	GlobalSection(ExtensibilityGlobals) = postSolution
		SolutionGuid = {25D49852-E801-4AE5-B2AE-AA1770192703}
	EndGlobalSection
EndGlobal
